
Microsoft Visual Studio Solution File, Format Version 12.00
# Visual Studio Version 17
VisualStudioVersion = 17.0.31903.59
MinimumVisualStudioVersion = 10.0.40219.1
Project("{FAE04EC0-301F-11D3-BF4B-00C04F79EFBC}") = "EstoqueService", "EstoqueService\EstoqueService.csproj", "{02A82C11-3843-4905-BB0B-AC6DE1A9A684}"
EndProject
Project("{FAE04EC0-301F-11D3-BF4B-00C04F79EFBC}") = "ApiGateway", "ApiGateway\ApiGateway.csproj", "{0842646F-4A6E-48C5-A503-3104AFD54F73}"
EndProject
Project("{FAE04EC0-301F-11D3-BF4B-00C04F79EFBC}") = "VendasService", "VendasService\VendasService.csproj", "{E1334367-B6CF-4DA2-829A-2361FA6CAE93}"
EndProject
Global
	GlobalSection(SolutionConfigurationPlatforms) = preSolution
		Debug|Any CPU = Debug|Any CPU
		Debug|x64 = Debug|x64
		Debug|x86 = Debug|x86
		Release|Any CPU = Release|Any CPU
		Release|x64 = Release|x64
		Release|x86 = Release|x86
	EndGlobalSection
	GlobalSection(ProjectConfigurationPlatforms) = postSolution
		{02A82C11-3843-4905-BB0B-AC6DE1A9A684}.Debug|Any CPU.ActiveCfg = Debug|Any CPU
		{02A82C11-3843-4905-BB0B-AC6DE1A9A684}.Debug|Any CPU.Build.0 = Debug|Any CPU
		{02A82C11-3843-4905-BB0B-AC6DE1A9A684}.Debug|x64.ActiveCfg = Debug|Any CPU
		{02A82C11-3843-4905-BB0B-AC6DE1A9A684}.Debug|x64.Build.0 = Debug|Any CPU
		{02A82C11-3843-4905-BB0B-AC6DE1A9A684}.Debug|x86.ActiveCfg = Debug|Any CPU
		{02A82C11-3843-4905-BB0B-AC6DE1A9A684}.Debug|x86.Build.0 = Debug|Any CPU
		{02A82C11-3843-4905-BB0B-AC6DE1A9A684}.Release|Any CPU.ActiveCfg = Release|Any CPU
		{02A82C11-3843-4905-BB0B-AC6DE1A9A684}.Release|Any CPU.Build.0 = Release|Any CPU
		{02A82C11-3843-4905-BB0B-AC6DE1A9A684}.Release|x64.ActiveCfg = Release|Any CPU
		{02A82C11-3843-4905-BB0B-AC6DE1A9A684}.Release|x64.Build.0 = Release|Any CPU
		{02A82C11-3843-4905-BB0B-AC6DE1A9A684}.Release|x86.ActiveCfg = Release|Any CPU
		{02A82C11-3843-4905-BB0B-AC6DE1A9A684}.Release|x86.Build.0 = Release|Any CPU
		{0842646F-4A6E-48C5-A503-3104AFD54F73}.Debug|Any CPU.ActiveCfg = Debug|Any CPU
		{0842646F-4A6E-48C5-A503-3104AFD54F73}.Debug|Any CPU.Build.0 = Debug|Any CPU
		{0842646F-4A6E-48C5-A503-3104AFD54F73}.Debug|x64.ActiveCfg = Debug|Any CPU
		{0842646F-4A6E-48C5-A503-3104AFD54F73}.Debug|x64.Build.0 = Debug|Any CPU
		{0842646F-4A6E-48C5-A503-3104AFD54F73}.Debug|x86.ActiveCfg = Debug|Any CPU
		{0842646F-4A6E-48C5-A503-3104AFD54F73}.Debug|x86.Build.0 = Debug|Any CPU
		{0842646F-4A6E-48C5-A503-3104AFD54F73}.Release|Any CPU.ActiveCfg = Release|Any CPU
		{0842646F-4A6E-48C5-A503-3104AFD54F73}.Release|Any CPU.Build.0 = Release|Any CPU
		{0842646F-4A6E-48C5-A503-3104AFD54F73}.Release|x64.ActiveCfg = Release|Any CPU
		{0842646F-4A6E-48C5-A503-3104AFD54F73}.Release|x64.Build.0 = Release|Any CPU
		{0842646F-4A6E-48C5-A503-3104AFD54F73}.Release|x86.ActiveCfg = Release|Any CPU
		{0842646F-4A6E-48C5-A503-3104AFD54F73}.Release|x86.Build.0 = Release|Any CPU
		{E1334367-B6CF-4DA2-829A-2361FA6CAE93}.Debug|Any CPU.ActiveCfg = Debug|Any CPU
		{E1334367-B6CF-4DA2-829A-2361FA6CAE93}.Debug|Any CPU.Build.0 = Debug|Any CPU
		{E1334367-B6CF-4DA2-829A-2361FA6CAE93}.Debug|x64.ActiveCfg = Debug|Any CPU
		{E1334367-B6CF-4DA2-829A-2361FA6CAE93}.Debug|x64.Build.0 = Debug|Any CPU
		{E1334367-B6CF-4DA2-829A-2361FA6CAE93}.Debug|x86.ActiveCfg = Debug|Any CPU
		{E1334367-B6CF-4DA2-829A-2361FA6CAE93}.Debug|x86.Build.0 = Debug|Any CPU
		{E1334367-B6CF-4DA2-829A-2361FA6CAE93}.Release|Any CPU.ActiveCfg = Release|Any CPU
		{E1334367-B6CF-4DA2-829A-2361FA6CAE93}.Release|Any CPU.Build.0 = Release|Any CPU
		{E1334367-B6CF-4DA2-829A-2361FA6CAE93}.Release|x64.ActiveCfg = Release|Any CPU
		{E1334367-B6CF-4DA2-829A-2361FA6CAE93}.Release|x64.Build.0 = Release|Any CPU
		{E1334367-B6CF-4DA2-829A-2361FA6CAE93}.Release|x86.ActiveCfg = Release|Any CPU
		{E1334367-B6CF-4DA2-829A-2361FA6CAE93}.Release|x86.Build.0 = Release|Any CPU
	EndGlobalSection
	GlobalSection(SolutionProperties) = preSolution
		HideSolutionNode = FALSE
	EndGlobalSection
EndGlobal
